// !$*UTF8*$!
{
	archiveVersion = 1;
	classes = {
	};
	objectVersion = 46;
	objects = {

/* Begin PBXBuildFile section */
		633B478C1DCE47DC001B5DB5 /* SentMemesViewController.swift in Sources */ = {isa = PBXBuildFile; fileRef = 633B478B1DCE47DC001B5DB5 /* SentMemesViewController.swift */; };
		633B478E1DCE8C02001B5DB5 /* MemeDetailViewController.swift in Sources */ = {isa = PBXBuildFile; fileRef = 633B478D1DCE8C02001B5DB5 /* MemeDetailViewController.swift */; };
		63A712BA1DCF393100C22AB2 /* Meme.swift in Sources */ = {isa = PBXBuildFile; fileRef = 63A712B91DCF393100C22AB2 /* Meme.swift */; };
		63A712BE1DCF88D600C22AB2 /* MemeCollectionViewCell.swift in Sources */ = {isa = PBXBuildFile; fileRef = 63A712BD1DCF88D500C22AB2 /* MemeCollectionViewCell.swift */; };
		63B0672E1DC4EE79003D975D /* AppDelegate.swift in Sources */ = {isa = PBXBuildFile; fileRef = 63B0672D1DC4EE79003D975D /* AppDelegate.swift */; };
		63B067301DC4EE79003D975D /* MemeEditorViewController.swift in Sources */ = {isa = PBXBuildFile; fileRef = 63B0672F1DC4EE79003D975D /* MemeEditorViewController.swift */; };
		63B067331DC4EE79003D975D /* Main.storyboard in Resources */ = {isa = PBXBuildFile; fileRef = 63B067311DC4EE79003D975D /* Main.storyboard */; };
		63B067351DC4EE79003D975D /* Assets.xcassets in Resources */ = {isa = PBXBuildFile; fileRef = 63B067341DC4EE79003D975D /* Assets.xcassets */; };
		63B067381DC4EE79003D975D /* LaunchScreen.storyboard in Resources */ = {isa = PBXBuildFile; fileRef = 63B067361DC4EE79003D975D /* LaunchScreen.storyboard */; };
		63B067431DC4EE79003D975D /* MemeMeTests.swift in Sources */ = {isa = PBXBuildFile; fileRef = 63B067421DC4EE79003D975D /* MemeMeTests.swift */; };
		63B0674E1DC4EE79003D975D /* MemeMeUITests.swift in Sources */ = {isa = PBXBuildFile; fileRef = 63B0674D1DC4EE79003D975D /* MemeMeUITests.swift */; };
		63B366FA1DD856DE0063160A /* SentMemesCollectionViewController.swift in Sources */ = {isa = PBXBuildFile; fileRef = 63B366F91DD856DE0063160A /* SentMemesCollectionViewController.swift */; };
		63B366FC1DD876C30063160A /* SentMemesTableViewController.swift in Sources */ = {isa = PBXBuildFile; fileRef = 63B366FB1DD876C30063160A /* SentMemesTableViewController.swift */; };
/* End PBXBuildFile section */

/* Begin PBXContainerItemProxy section */
		63B0673F1DC4EE79003D975D /* PBXContainerItemProxy */ = {
			isa = PBXContainerItemProxy;
			containerPortal = 63B067221DC4EE79003D975D /* Project object */;
			proxyType = 1;
			remoteGlobalIDString = 63B067291DC4EE79003D975D;
			remoteInfo = MemeMe;
		};
		63B0674A1DC4EE79003D975D /* PBXContainerItemProxy */ = {
			isa = PBXContainerItemProxy;
			containerPortal = 63B067221DC4EE79003D975D /* Project object */;
			proxyType = 1;
			remoteGlobalIDString = 63B067291DC4EE79003D975D;
			remoteInfo = MemeMe;
		};
/* End PBXContainerItemProxy section */

/* Begin PBXFileReference section */
		633B478B1DCE47DC001B5DB5 /* SentMemesViewController.swift */ = {isa = PBXFileReference; fileEncoding = 4; lastKnownFileType = sourcecode.swift; path = SentMemesViewController.swift; sourceTree = "<group>"; };
		633B478D1DCE8C02001B5DB5 /* MemeDetailViewController.swift */ = {isa = PBXFileReference; fileEncoding = 4; lastKnownFileType = sourcecode.swift; path = MemeDetailViewController.swift; sourceTree = "<group>"; };
		63A712B91DCF393100C22AB2 /* Meme.swift */ = {isa = PBXFileReference; fileEncoding = 4; lastKnownFileType = sourcecode.swift; path = Meme.swift; sourceTree = "<group>"; };
		63A712BD1DCF88D500C22AB2 /* MemeCollectionViewCell.swift */ = {isa = PBXFileReference; fileEncoding = 4; lastKnownFileType = sourcecode.swift; path = MemeCollectionViewCell.swift; sourceTree = "<group>"; };
		63B0672A1DC4EE79003D975D /* MemeMe.app */ = {isa = PBXFileReference; explicitFileType = wrapper.application; includeInIndex = 0; path = MemeMe.app; sourceTree = BUILT_PRODUCTS_DIR; };
		63B0672D1DC4EE79003D975D /* AppDelegate.swift */ = {isa = PBXFileReference; lastKnownFileType = sourcecode.swift; path = AppDelegate.swift; sourceTree = "<group>"; };
		63B0672F1DC4EE79003D975D /* MemeEditorViewController.swift */ = {isa = PBXFileReference; lastKnownFileType = sourcecode.swift; path = MemeEditorViewController.swift; sourceTree = "<group>"; };
		63B067321DC4EE79003D975D /* Base */ = {isa = PBXFileReference; lastKnownFileType = file.storyboard; name = Base; path = Base.lproj/Main.storyboard; sourceTree = "<group>"; };
		63B067341DC4EE79003D975D /* Assets.xcassets */ = {isa = PBXFileReference; lastKnownFileType = folder.assetcatalog; path = Assets.xcassets; sourceTree = "<group>"; };
		63B067371DC4EE79003D975D /* Base */ = {isa = PBXFileReference; lastKnownFileType = file.storyboard; name = Base; path = Base.lproj/LaunchScreen.storyboard; sourceTree = "<group>"; };
		63B067391DC4EE79003D975D /* Info.plist */ = {isa = PBXFileReference; lastKnownFileType = text.plist.xml; path = Info.plist; sourceTree = "<group>"; };
		63B0673E1DC4EE79003D975D /* MemeMeTests.xctest */ = {isa = PBXFileReference; explicitFileType = wrapper.cfbundle; includeInIndex = 0; path = MemeMeTests.xctest; sourceTree = BUILT_PRODUCTS_DIR; };
		63B067421DC4EE79003D975D /* MemeMeTests.swift */ = {isa = PBXFileReference; lastKnownFileType = sourcecode.swift; path = MemeMeTests.swift; sourceTree = "<group>"; };
		63B067441DC4EE79003D975D /* Info.plist */ = {isa = PBXFileReference; lastKnownFileType = text.plist.xml; path = Info.plist; sourceTree = "<group>"; };
		63B067491DC4EE79003D975D /* MemeMeUITests.xctest */ = {isa = PBXFileReference; explicitFileType = wrapper.cfbundle; includeInIndex = 0; path = MemeMeUITests.xctest; sourceTree = BUILT_PRODUCTS_DIR; };
		63B0674D1DC4EE79003D975D /* MemeMeUITests.swift */ = {isa = PBXFileReference; lastKnownFileType = sourcecode.swift; path = MemeMeUITests.swift; sourceTree = "<group>"; };
		63B0674F1DC4EE79003D975D /* Info.plist */ = {isa = PBXFileReference; lastKnownFileType = text.plist.xml; path = Info.plist; sourceTree = "<group>"; };
		63B366F91DD856DE0063160A /* SentMemesCollectionViewController.swift */ = {isa = PBXFileReference; fileEncoding = 4; lastKnownFileType = sourcecode.swift; path = SentMemesCollectionViewController.swift; sourceTree = "<group>"; };
		63B366FB1DD876C30063160A /* SentMemesTableViewController.swift */ = {isa = PBXFileReference; fileEncoding = 4; lastKnownFileType = sourcecode.swift; path = SentMemesTableViewController.swift; sourceTree = "<group>"; };
/* End PBXFileReference section */

/* Begin PBXFrameworksBuildPhase section */
		63B067271DC4EE79003D975D /* Frameworks */ = {
			isa = PBXFrameworksBuildPhase;
			buildActionMask = 2147483647;
			files = (
			);
			runOnlyForDeploymentPostprocessing = 0;
		};
		63B0673B1DC4EE79003D975D /* Frameworks */ = {
			isa = PBXFrameworksBuildPhase;
			buildActionMask = 2147483647;
			files = (
			);
			runOnlyForDeploymentPostprocessing = 0;
		};
		63B067461DC4EE79003D975D /* Frameworks */ = {
			isa = PBXFrameworksBuildPhase;
			buildActionMask = 2147483647;
			files = (
			);
			runOnlyForDeploymentPostprocessing = 0;
		};
/* End PBXFrameworksBuildPhase section */

/* Begin PBXGroup section */
		63B067211DC4EE79003D975D = {
			isa = PBXGroup;
			children = (
				63B0672C1DC4EE79003D975D /* MemeMe */,
				63B067411DC4EE79003D975D /* MemeMeTests */,
				63B0674C1DC4EE79003D975D /* MemeMeUITests */,
				63B0672B1DC4EE79003D975D /* Products */,
			);
			sourceTree = "<group>";
		};
		63B0672B1DC4EE79003D975D /* Products */ = {
			isa = PBXGroup;
			children = (
				63B0672A1DC4EE79003D975D /* MemeMe.app */,
				63B0673E1DC4EE79003D975D /* MemeMeTests.xctest */,
				63B067491DC4EE79003D975D /* MemeMeUITests.xctest */,
			);
			name = Products;
			sourceTree = "<group>";
		};
		63B0672C1DC4EE79003D975D /* MemeMe */ = {
			isa = PBXGroup;
			children = (
				63B0672D1DC4EE79003D975D /* AppDelegate.swift */,
				63B0672F1DC4EE79003D975D /* MemeEditorViewController.swift */,
				633B478B1DCE47DC001B5DB5 /* SentMemesViewController.swift */,
				63A712BD1DCF88D500C22AB2 /* MemeCollectionViewCell.swift */,
				63B366FB1DD876C30063160A /* SentMemesTableViewController.swift */,
				63B366F91DD856DE0063160A /* SentMemesCollectionViewController.swift */,
				633B478D1DCE8C02001B5DB5 /* MemeDetailViewController.swift */,
				63B067311DC4EE79003D975D /* Main.storyboard */,
				63B067341DC4EE79003D975D /* Assets.xcassets */,
				63B067361DC4EE79003D975D /* LaunchScreen.storyboard */,
				63B067391DC4EE79003D975D /* Info.plist */,
				63A712B91DCF393100C22AB2 /* Meme.swift */,
			);
			path = MemeMe;
			sourceTree = "<group>";
		};
		63B067411DC4EE79003D975D /* MemeMeTests */ = {
			isa = PBXGroup;
			children = (
				63B067421DC4EE79003D975D /* MemeMeTests.swift */,
				63B067441DC4EE79003D975D /* Info.plist */,
			);
			path = MemeMeTests;
			sourceTree = "<group>";
		};
		63B0674C1DC4EE79003D975D /* MemeMeUITests */ = {
			isa = PBXGroup;
			children = (
				63B0674D1DC4EE79003D975D /* MemeMeUITests.swift */,
				63B0674F1DC4EE79003D975D /* Info.plist */,
			);
			path = MemeMeUITests;
			sourceTree = "<group>";
		};
/* End PBXGroup section */

/* Begin PBXNativeTarget section */
		63B067291DC4EE79003D975D /* MemeMe */ = {
			isa = PBXNativeTarget;
			buildConfigurationList = 63B067521DC4EE79003D975D /* Build configuration list for PBXNativeTarget "MemeMe" */;
			buildPhases = (
				63B067261DC4EE79003D975D /* Sources */,
				63B067271DC4EE79003D975D /* Frameworks */,
				63B067281DC4EE79003D975D /* Resources */,
			);
			buildRules = (
			);
			dependencies = (
			);
			name = MemeMe;
			productName = MemeMe;
			productReference = 63B0672A1DC4EE79003D975D /* MemeMe.app */;
			productType = "com.apple.product-type.application";
		};
		63B0673D1DC4EE79003D975D /* MemeMeTests */ = {
			isa = PBXNativeTarget;
			buildConfigurationList = 63B067551DC4EE79003D975D /* Build configuration list for PBXNativeTarget "MemeMeTests" */;
			buildPhases = (
				63B0673A1DC4EE79003D975D /* Sources */,
				63B0673B1DC4EE79003D975D /* Frameworks */,
				63B0673C1DC4EE79003D975D /* Resources */,
			);
			buildRules = (
			);
			dependencies = (
				63B067401DC4EE79003D975D /* PBXTargetDependency */,
			);
			name = MemeMeTests;
			productName = MemeMeTests;
			productReference = 63B0673E1DC4EE79003D975D /* MemeMeTests.xctest */;
			productType = "com.apple.product-type.bundle.unit-test";
		};
		63B067481DC4EE79003D975D /* MemeMeUITests */ = {
			isa = PBXNativeTarget;
			buildConfigurationList = 63B067581DC4EE79003D975D /* Build configuration list for PBXNativeTarget "MemeMeUITests" */;
			buildPhases = (
				63B067451DC4EE79003D975D /* Sources */,
				63B067461DC4EE79003D975D /* Frameworks */,
				63B067471DC4EE79003D975D /* Resources */,
			);
			buildRules = (
			);
			dependencies = (
				63B0674B1DC4EE79003D975D /* PBXTargetDependency */,
			);
			name = MemeMeUITests;
			productName = MemeMeUITests;
			productReference = 63B067491DC4EE79003D975D /* MemeMeUITests.xctest */;
			productType = "com.apple.product-type.bundle.ui-testing";
		};
/* End PBXNativeTarget section */

/* Begin PBXProject section */
		63B067221DC4EE79003D975D /* Project object */ = {
			isa = PBXProject;
			attributes = {
				LastSwiftUpdateCheck = 0810;
				LastUpgradeCheck = 0810;
				TargetAttributes = {
					63B067291DC4EE79003D975D = {
						CreatedOnToolsVersion = 8.1;
						DevelopmentTeam = JSFKN9352F;
						ProvisioningStyle = Automatic;
					};
					63B0673D1DC4EE79003D975D = {
						CreatedOnToolsVersion = 8.1;
						ProvisioningStyle = Automatic;
						TestTargetID = 63B067291DC4EE79003D975D;
					};
					63B067481DC4EE79003D975D = {
						CreatedOnToolsVersion = 8.1;
						ProvisioningStyle = Automatic;
						TestTargetID = 63B067291DC4EE79003D975D;
					};
				};
			};
			buildConfigurationList = 63B067251DC4EE79003D975D /* Build configuration list for PBXProject "MemeMe" */;
			compatibilityVersion = "Xcode 3.2";
			developmentRegion = English;
			hasScannedForEncodings = 0;
			knownRegions = (
				en,
				Base,
			);
			mainGroup = 63B067211DC4EE79003D975D;
			productRefGroup = 63B0672B1DC4EE79003D975D /* Products */;
			projectDirPath = "";
			projectRoot = "";
			targets = (
				63B067291DC4EE79003D975D /* MemeMe */,
				63B0673D1DC4EE79003D975D /* MemeMeTests */,
				63B067481DC4EE79003D975D /* MemeMeUITests */,
			);
		};
/* End PBXProject section */

/* Begin PBXResourcesBuildPhase section */
		63B067281DC4EE79003D975D /* Resources */ = {
			isa = PBXResourcesBuildPhase;
			buildActionMask = 2147483647;
			files = (
				63B067381DC4EE79003D975D /* LaunchScreen.storyboard in Resources */,
				63B067351DC4EE79003D975D /* Assets.xcassets in Resources */,
				63B067331DC4EE79003D975D /* Main.storyboard in Resources */,
			);
			runOnlyForDeploymentPostprocessing = 0;
		};
		63B0673C1DC4EE79003D975D /* Resources */ = {
			isa = PBXResourcesBuildPhase;
			buildActionMask = 2147483647;
			files = (
			);
			runOnlyForDeploymentPostprocessing = 0;
		};
		63B067471DC4EE79003D975D /* Resources */ = {
			isa = PBXResourcesBuildPhase;
			buildActionMask = 2147483647;
			files = (
			);
			runOnlyForDeploymentPostprocessing = 0;
		};
/* End PBXResourcesBuildPhase section */

/* Begin PBXSourcesBuildPhase section */
		63B067261DC4EE79003D975D /* Sources */ = {
			isa = PBXSourcesBuildPhase;
			buildActionMask = 2147483647;
			files = (
				633B478C1DCE47DC001B5DB5 /* SentMemesViewController.swift in Sources */,
				63B366FC1DD876C30063160A /* SentMemesTableViewController.swift in Sources */,
				63B366FA1DD856DE0063160A /* SentMemesCollectionViewController.swift in Sources */,
				63B067301DC4EE79003D975D /* MemeEditorViewController.swift in Sources */,
				63B0672E1DC4EE79003D975D /* AppDelegate.swift in Sources */,
				63A712BE1DCF88D600C22AB2 /* MemeCollectionViewCell.swift in Sources */,
				633B478E1DCE8C02001B5DB5 /* MemeDetailViewController.swift in Sources */,
				63A712BA1DCF393100C22AB2 /* Meme.swift in Sources */,
			);
			runOnlyForDeploymentPostprocessing = 0;
		};
		63B0673A1DC4EE79003D975D /* Sources */ = {
			isa = PBXSourcesBuildPhase;
			buildActionMask = 2147483647;
			files = (
				63B067431DC4EE79003D975D /* MemeMeTests.swift in Sources */,
			);
			runOnlyForDeploymentPostprocessing = 0;
		};
		63B067451DC4EE79003D975D /* Sources */ = {
			isa = PBXSourcesBuildPhase;
			buildActionMask = 2147483647;
			files = (
				63B0674E1DC4EE79003D975D /* MemeMeUITests.swift in Sources */,
			);
			runOnlyForDeploymentPostprocessing = 0;
		};
/* End PBXSourcesBuildPhase section */

/* Begin PBXTargetDependency section */
		63B067401DC4EE79003D975D /* PBXTargetDependency */ = {
			isa = PBXTargetDependency;
			target = 63B067291DC4EE79003D975D /* MemeMe */;
			targetProxy = 63B0673F1DC4EE79003D975D /* PBXContainerItemProxy */;
		};
		63B0674B1DC4EE79003D975D /* PBXTargetDependency */ = {
			isa = PBXTargetDependency;
			target = 63B067291DC4EE79003D975D /* MemeMe */;
			targetProxy = 63B0674A1DC4EE79003D975D /* PBXContainerItemProxy */;
		};
/* End PBXTargetDependency section */

/* Begin PBXVariantGroup section */
		63B067311DC4EE79003D975D /* Main.storyboard */ = {
			isa = PBXVariantGroup;
			children = (
				63B067321DC4EE79003D975D /* Base */,
			);
			name = Main.storyboard;
			sourceTree = "<group>";
		};
		63B067361DC4EE79003D975D /* LaunchScreen.storyboard */ = {
			isa = PBXVariantGroup;
			children = (
				63B067371DC4EE79003D975D /* Base */,
			);
			name = LaunchScreen.storyboard;
			sourceTree = "<group>";
		};
/* End PBXVariantGroup section */

/* Begin XCBuildConfiguration section */
		63B067501DC4EE79003D975D /* Debug */ = {
			isa = XCBuildConfiguration;
			buildSettings = {
				ALWAYS_SEARCH_USER_PATHS = NO;
				CLANG_ANALYZER_NONNULL = YES;
				CLANG_CXX_LANGUAGE_STANDARD = "gnu++0x";
				CLANG_CXX_LIBRARY = "libc++";
				CLANG_ENABLE_MODULES = YES;
				CLANG_ENABLE_OBJC_ARC = YES;
				CLANG_WARN_BOOL_CONVERSION = YES;
				CLANG_WARN_CONSTANT_CONVERSION = YES;
				CLANG_WARN_DIRECT_OBJC_ISA_USAGE = YES_ERROR;
				CLANG_WARN_DOCUMENTATION_COMMENTS = YES;
				CLANG_WARN_EMPTY_BODY = YES;
				CLANG_WARN_ENUM_CONVERSION = YES;
				CLANG_WARN_INFINITE_RECURSION = YES;
				CLANG_WARN_INT_CONVERSION = YES;
				CLANG_WARN_OBJC_ROOT_CLASS = YES_ERROR;
				CLANG_WARN_SUSPICIOUS_MOVES = YES;
				CLANG_WARN_UNREACHABLE_CODE = YES;
				CLANG_WARN__DUPLICATE_METHOD_MATCH = YES;
				"CODE_SIGN_IDENTITY[sdk=iphoneos*]" = "iPhone Developer";
				COPY_PHASE_STRIP = NO;
				DEBUG_INFORMATION_FORMAT = dwarf;
				ENABLE_STRICT_OBJC_MSGSEND = YES;
				ENABLE_TESTABILITY = YES;
				GCC_C_LANGUAGE_STANDARD = gnu99;
				GCC_DYNAMIC_NO_PIC = NO;
				GCC_NO_COMMON_BLOCKS = YES;
				GCC_OPTIMIZATION_LEVEL = 0;
				GCC_PREPROCESSOR_DEFINITIONS = (
					"DEBUG=1",
					"$(inherited)",
				);
				GCC_WARN_64_TO_32_BIT_CONVERSION = YES;
				GCC_WARN_ABOUT_RETURN_TYPE = YES_ERROR;
				GCC_WARN_UNDECLARED_SELECTOR = YES;
				GCC_WARN_UNINITIALIZED_AUTOS = YES_AGGRESSIVE;
				GCC_WARN_UNUSED_FUNCTION = YES;
				GCC_WARN_UNUSED_VARIABLE = YES;
				IPHONEOS_DEPLOYMENT_TARGET = 10.1;
				MTL_ENABLE_DEBUG_INFO = YES;
				ONLY_ACTIVE_ARCH = YES;
				SDKROOT = iphoneos;
				SWIFT_ACTIVE_COMPILATION_CONDITIONS = DEBUG;
				SWIFT_OPTIMIZATION_LEVEL = "-Onone";
				TARGETED_DEVICE_FAMILY = "1,2";
			};
			name = Debug;
		};
		63B067511DC4EE79003D975D /* Release */ = {
			isa = XCBuildConfiguration;
			buildSettings = {
				ALWAYS_SEARCH_USER_PATHS = NO;
				CLANG_ANALYZER_NONNULL = YES;
				CLANG_CXX_LANGUAGE_STANDARD = "gnu++0x";
				CLANG_CXX_LIBRARY = "libc++";
				CLANG_ENABLE_MODULES = YES;
				CLANG_ENABLE_OBJC_ARC = YES;
				CLANG_WARN_BOOL_CONVERSION = YES;
				CLANG_WARN_CONSTANT_CONVERSION = YES;
				CLANG_WARN_DIRECT_OBJC_ISA_USAGE = YES_ERROR;
				CLANG_WARN_DOCUMENTATION_COMMENTS = YES;
				CLANG_WARN_EMPTY_BODY = YES;
				CLANG_WARN_ENUM_CONVERSION = YES;
				CLANG_WARN_INFINITE_RECURSION = YES;
				CLANG_WARN_INT_CONVERSION = YES;
				CLANG_WARN_OBJC_ROOT_CLASS = YES_ERROR;
				CLANG_WARN_SUSPICIOUS_MOVES = YES;
				CLANG_WARN_UNREACHABLE_CODE = YES;
				CLANG_WARN__DUPLICATE_METHOD_MATCH = YES;
				"CODE_SIGN_IDENTITY[sdk=iphoneos*]" = "iPhone Developer";
				COPY_PHASE_STRIP = NO;
				DEBUG_INFORMATION_FORMAT = "dwarf-with-dsym";
				ENABLE_NS_ASSERTIONS = NO;
				ENABLE_STRICT_OBJC_MSGSEND = YES;
				GCC_C_LANGUAGE_STANDARD = gnu99;
				GCC_NO_COMMON_BLOCKS = YES;
				GCC_WARN_64_TO_32_BIT_CONVERSION = YES;
				GCC_WARN_ABOUT_RETURN_TYPE = YES_ERROR;
				GCC_WARN_UNDECLARED_SELECTOR = YES;
				GCC_WARN_UNINITIALIZED_AUTOS = YES_AGGRESSIVE;
				GCC_WARN_UNUSED_FUNCTION = YES;
				GCC_WARN_UNUSED_VARIABLE = YES;
				IPHONEOS_DEPLOYMENT_TARGET = 10.1;
				MTL_ENABLE_DEBUG_INFO = NO;
				SDKROOT = iphoneos;
				SWIFT_OPTIMIZATION_LEVEL = "-Owholemodule";
				TARGETED_DEVICE_FAMILY = "1,2";
				VALIDATE_PRODUCT = YES;
			};
			name = Release;
		};
		63B067531DC4EE79003D975D /* Debug */ = {
			isa = XCBuildConfiguration;
			buildSettings = {
				ASSETCATALOG_COMPILER_APPICON_NAME = AppIcon;
				DEVELOPMENT_TEAM = JSFKN9352F;
				INFOPLIST_FILE = MemeMe/Info.plist;
				LD_RUNPATH_SEARCH_PATHS = "$(inherited) @executable_path/Frameworks";
				PRODUCT_BUNDLE_IDENTIFIER = com.DeveloperDavo.MemeMe;
				PRODUCT_NAME = "$(TARGET_NAME)";
				SWIFT_VERSION = 3.0;
			};
			name = Debug;
		};
		63B067541DC4EE79003D975D /* Release */ = {
			isa = XCBuildConfiguration;
			buildSettings = {
				ASSETCATALOG_COMPILER_APPICON_NAME = AppIcon;
				DEVELOPMENT_TEAM = JSFKN9352F;
				INFOPLIST_FILE = MemeMe/Info.plist;
				LD_RUNPATH_SEARCH_PATHS = "$(inherited) @executable_path/Frameworks";
				PRODUCT_BUNDLE_IDENTIFIER = com.DeveloperDavo.MemeMe;
				PRODUCT_NAME = "$(TARGET_NAME)";
				SWIFT_VERSION = 3.0;
			};
			name = Release;
		};
		63B067561DC4EE79003D975D /* Debug */ = {
			isa = XCBuildConfiguration;
			buildSettings = {
				ALWAYS_EMBED_SWIFT_STANDARD_LIBRARIES = YES;
				BUNDLE_LOADER = "$(TEST_HOST)";
				INFOPLIST_FILE = MemeMeTests/Info.plist;
				LD_RUNPATH_SEARCH_PATHS = "$(inherited) @executable_path/Frameworks @loader_path/Frameworks";
				PRODUCT_BUNDLE_IDENTIFIER = com.example.MemeMeTests;
				PRODUCT_NAME = "$(TARGET_NAME)";
				SWIFT_VERSION = 3.0;
				TEST_HOST = "$(BUILT_PRODUCTS_DIR)/MemeMe.app/MemeMe";
			};
			name = Debug;
		};
		63B067571DC4EE79003D975D /* Release */ = {
			isa = XCBuildConfiguration;
			buildSettings = {
				ALWAYS_EMBED_SWIFT_STANDARD_LIBRARIES = YES;
				BUNDLE_LOADER = "$(TEST_HOST)";
				INFOPLIST_FILE = MemeMeTests/Info.plist;
				LD_RUNPATH_SEARCH_PATHS = "$(inherited) @executable_path/Frameworks @loader_path/Frameworks";
				PRODUCT_BUNDLE_IDENTIFIER = com.example.MemeMeTests;
				PRODUCT_NAME = "$(TARGET_NAME)";
				SWIFT_VERSION = 3.0;
				TEST_HOST = "$(BUILT_PRODUCTS_DIR)/MemeMe.app/MemeMe";
			};
			name = Release;
		};
		63B067591DC4EE79003D975D /* Debug */ = {
			isa = XCBuildConfiguration;
			buildSettings = {
				ALWAYS_EMBED_SWIFT_STANDARD_LIBRARIES = YES;
				INFOPLIST_FILE = MemeMeUITests/Info.plist;
				LD_RUNPATH_SEARCH_PATHS = "$(inherited) @executable_path/Frameworks @loader_path/Frameworks";
				PRODUCT_BUNDLE_IDENTIFIER = com.example.MemeMeUITests;
				PRODUCT_NAME = "$(TARGET_NAME)";
				SWIFT_VERSION = 3.0;
				TEST_TARGET_NAME = MemeMe;
			};
			name = Debug;
		};
		63B0675A1DC4EE79003D975D /* Release */ = {
			isa = XCBuildConfiguration;
			buildSettings = {
				ALWAYS_EMBED_SWIFT_STANDARD_LIBRARIES = YES;
				INFOPLIST_FILE = MemeMeUITests/Info.plist;
				LD_RUNPATH_SEARCH_PATHS = "$(inherited) @executable_path/Frameworks @loader_path/Frameworks";
				PRODUCT_BUNDLE_IDENTIFIER = com.example.MemeMeUITests;
				PRODUCT_NAME = "$(TARGET_NAME)";
				SWIFT_VERSION = 3.0;
				TEST_TARGET_NAME = MemeMe;
			};
			name = Release;
		};
/* End XCBuildConfiguration section */

/* Begin XCConfigurationList section */
		63B067251DC4EE79003D975D /* Build configuration list for PBXProject "MemeMe" */ = {
			isa = XCConfigurationList;
			buildConfigurations = (
				63B067501DC4EE79003D975D /* Debug */,
				63B067511DC4EE79003D975D /* Release */,
			);
			defaultConfigurationIsVisible = 0;
			defaultConfigurationName = Release;
		};
		63B067521DC4EE79003D975D /* Build configuration list for PBXNativeTarget "MemeMe" */ = {
			isa = XCConfigurationList;
			buildConfigurations = (
				63B067531DC4EE79003D975D /* Debug */,
				63B067541DC4EE79003D975D /* Release */,
			);
			defaultConfigurationIsVisible = 0;
			defaultConfigurationName = Release;
		};
		63B067551DC4EE79003D975D /* Build configuration list for PBXNativeTarget "MemeMeTests" */ = {
			isa = XCConfigurationList;
			buildConfigurations = (
				63B067561DC4EE79003D975D /* Debug */,
				63B067571DC4EE79003D975D /* Release */,
			);
			defaultConfigurationIsVisible = 0;
			defaultConfigurationName = Release;
		};
		63B067581DC4EE79003D975D /* Build configuration list for PBXNativeTarget "MemeMeUITests" */ = {
			isa = XCConfigurationList;
			buildConfigurations = (
				63B067591DC4EE79003D975D /* Debug */,
				63B0675A1DC4EE79003D975D /* Release */,
			);
			defaultConfigurationIsVisible = 0;
			defaultConfigurationName = Release;
		};
/* End XCConfigurationList section */
	};
	rootObject = 63B067221DC4EE79003D975D /* Project object */;
}
